// !$*UTF8*$!
{
	archiveVersion = 1;
	classes = {
	};
	objectVersion = 48;
	objects = {

/* Begin PBXBuildFile section */
		2B6F7A13205CA92F0091B669 /* AppDelegate.swift in Sources */ = {isa = PBXBuildFile; fileRef = 2B6F7A12205CA92F0091B669 /* AppDelegate.swift */; };
		2B6F7A15205CA92F0091B669 /* ViewController.swift in Sources */ = {isa = PBXBuildFile; fileRef = 2B6F7A14205CA92F0091B669 /* ViewController.swift */; };
		2B6F7A18205CA92F0091B669 /* Main.storyboard in Resources */ = {isa = PBXBuildFile; fileRef = 2B6F7A16205CA92F0091B669 /* Main.storyboard */; };
		2B6F7A1A205CA92F0091B669 /* Assets.xcassets in Resources */ = {isa = PBXBuildFile; fileRef = 2B6F7A19205CA92F0091B669 /* Assets.xcassets */; };
		2B6F7A1D205CA92F0091B669 /* LaunchScreen.storyboard in Resources */ = {isa = PBXBuildFile; fileRef = 2B6F7A1B205CA92F0091B669 /* LaunchScreen.storyboard */; };
		2B6F7A28205CA92F0091B669 /* FizzBuzzTests.swift in Sources */ = {isa = PBXBuildFile; fileRef = 2B6F7A27205CA92F0091B669 /* FizzBuzzTests.swift */; };
		2B6F7A33205CA92F0091B669 /* FizzBuzzUITests.swift in Sources */ = {isa = PBXBuildFile; fileRef = 2B6F7A32205CA92F0091B669 /* FizzBuzzUITests.swift */; };
/* End PBXBuildFile section */

/* Begin PBXContainerItemProxy section */
		2B6F7A24205CA92F0091B669 /* PBXContainerItemProxy */ = {
			isa = PBXContainerItemProxy;
			containerPortal = 2B6F7A07205CA92F0091B669 /* Project object */;
			proxyType = 1;
			remoteGlobalIDString = 2B6F7A0E205CA92F0091B669;
			remoteInfo = FizzBuzz;
		};
		2B6F7A2F205CA92F0091B669 /* PBXContainerItemProxy */ = {
			isa = PBXContainerItemProxy;
			containerPortal = 2B6F7A07205CA92F0091B669 /* Project object */;
			proxyType = 1;
			remoteGlobalIDString = 2B6F7A0E205CA92F0091B669;
			remoteInfo = FizzBuzz;
		};
/* End PBXContainerItemProxy section */

/* Begin PBXFileReference section */
		2B6F7A0F205CA92F0091B669 /* FizzBuzz.app */ = {isa = PBXFileReference; explicitFileType = wrapper.application; includeInIndex = 0; path = FizzBuzz.app; sourceTree = BUILT_PRODUCTS_DIR; };
		2B6F7A12205CA92F0091B669 /* AppDelegate.swift */ = {isa = PBXFileReference; lastKnownFileType = sourcecode.swift; path = AppDelegate.swift; sourceTree = "<group>"; };
		2B6F7A14205CA92F0091B669 /* ViewController.swift */ = {isa = PBXFileReference; lastKnownFileType = sourcecode.swift; path = ViewController.swift; sourceTree = "<group>"; };
		2B6F7A17205CA92F0091B669 /* Base */ = {isa = PBXFileReference; lastKnownFileType = file.storyboard; name = Base; path = Base.lproj/Main.storyboard; sourceTree = "<group>"; };
		2B6F7A19205CA92F0091B669 /* Assets.xcassets */ = {isa = PBXFileReference; lastKnownFileType = folder.assetcatalog; path = Assets.xcassets; sourceTree = "<group>"; };
		2B6F7A1C205CA92F0091B669 /* Base */ = {isa = PBXFileReference; lastKnownFileType = file.storyboard; name = Base; path = Base.lproj/LaunchScreen.storyboard; sourceTree = "<group>"; };
		2B6F7A1E205CA92F0091B669 /* Info.plist */ = {isa = PBXFileReference; lastKnownFileType = text.plist.xml; path = Info.plist; sourceTree = "<group>"; };
		2B6F7A23205CA92F0091B669 /* FizzBuzzTests.xctest */ = {isa = PBXFileReference; explicitFileType = wrapper.cfbundle; includeInIndex = 0; path = FizzBuzzTests.xctest; sourceTree = BUILT_PRODUCTS_DIR; };
		2B6F7A27205CA92F0091B669 /* FizzBuzzTests.swift */ = {isa = PBXFileReference; lastKnownFileType = sourcecode.swift; path = FizzBuzzTests.swift; sourceTree = "<group>"; };
		2B6F7A29205CA92F0091B669 /* Info.plist */ = {isa = PBXFileReference; lastKnownFileType = text.plist.xml; path = Info.plist; sourceTree = "<group>"; };
		2B6F7A2E205CA92F0091B669 /* FizzBuzzUITests.xctest */ = {isa = PBXFileReference; explicitFileType = wrapper.cfbundle; includeInIndex = 0; path = FizzBuzzUITests.xctest; sourceTree = BUILT_PRODUCTS_DIR; };
		2B6F7A32205CA92F0091B669 /* FizzBuzzUITests.swift */ = {isa = PBXFileReference; lastKnownFileType = sourcecode.swift; path = FizzBuzzUITests.swift; sourceTree = "<group>"; };
		2B6F7A34205CA92F0091B669 /* Info.plist */ = {isa = PBXFileReference; lastKnownFileType = text.plist.xml; path = Info.plist; sourceTree = "<group>"; };
/* End PBXFileReference section */

/* Begin PBXFrameworksBuildPhase section */
		2B6F7A0C205CA92F0091B669 /* Frameworks */ = {
			isa = PBXFrameworksBuildPhase;
			buildActionMask = 2147483647;
			files = (
			);
			runOnlyForDeploymentPostprocessing = 0;
		};
		2B6F7A20205CA92F0091B669 /* Frameworks */ = {
			isa = PBXFrameworksBuildPhase;
			buildActionMask = 2147483647;
			files = (
			);
			runOnlyForDeploymentPostprocessing = 0;
		};
		2B6F7A2B205CA92F0091B669 /* Frameworks */ = {
			isa = PBXFrameworksBuildPhase;
			buildActionMask = 2147483647;
			files = (
			);
			runOnlyForDeploymentPostprocessing = 0;
		};
/* End PBXFrameworksBuildPhase section */

/* Begin PBXGroup section */
		2B6F7A06205CA92F0091B669 = {
			isa = PBXGroup;
			children = (
				2B6F7A11205CA92F0091B669 /* FizzBuzz */,
				2B6F7A26205CA92F0091B669 /* FizzBuzzTests */,
				2B6F7A31205CA92F0091B669 /* FizzBuzzUITests */,
				2B6F7A10205CA92F0091B669 /* Products */,
			);
			sourceTree = "<group>";
		};
		2B6F7A10205CA92F0091B669 /* Products */ = {
			isa = PBXGroup;
			children = (
				2B6F7A0F205CA92F0091B669 /* FizzBuzz.app */,
				2B6F7A23205CA92F0091B669 /* FizzBuzzTests.xctest */,
				2B6F7A2E205CA92F0091B669 /* FizzBuzzUITests.xctest */,
			);
			name = Products;
			sourceTree = "<group>";
		};
		2B6F7A11205CA92F0091B669 /* FizzBuzz */ = {
			isa = PBXGroup;
			children = (
				2B6F7A12205CA92F0091B669 /* AppDelegate.swift */,
				2B6F7A14205CA92F0091B669 /* ViewController.swift */,
				2B6F7A16205CA92F0091B669 /* Main.storyboard */,
				2B6F7A19205CA92F0091B669 /* Assets.xcassets */,
				2B6F7A1B205CA92F0091B669 /* LaunchScreen.storyboard */,
				2B6F7A1E205CA92F0091B669 /* Info.plist */,
			);
			path = FizzBuzz;
			sourceTree = "<group>";
		};
		2B6F7A26205CA92F0091B669 /* FizzBuzzTests */ = {
			isa = PBXGroup;
			children = (
				2B6F7A27205CA92F0091B669 /* FizzBuzzTests.swift */,
				2B6F7A29205CA92F0091B669 /* Info.plist */,
			);
			path = FizzBuzzTests;
			sourceTree = "<group>";
		};
		2B6F7A31205CA92F0091B669 /* FizzBuzzUITests */ = {
			isa = PBXGroup;
			children = (
				2B6F7A32205CA92F0091B669 /* FizzBuzzUITests.swift */,
				2B6F7A34205CA92F0091B669 /* Info.plist */,
			);
			path = FizzBuzzUITests;
			sourceTree = "<group>";
		};
/* End PBXGroup section */

/* Begin PBXNativeTarget section */
		2B6F7A0E205CA92F0091B669 /* FizzBuzz */ = {
			isa = PBXNativeTarget;
			buildConfigurationList = 2B6F7A37205CA92F0091B669 /* Build configuration list for PBXNativeTarget "FizzBuzz" */;
			buildPhases = (
				2B6F7A0B205CA92F0091B669 /* Sources */,
				2B6F7A0C205CA92F0091B669 /* Frameworks */,
				2B6F7A0D205CA92F0091B669 /* Resources */,
			);
			buildRules = (
			);
			dependencies = (
			);
			name = FizzBuzz;
			productName = FizzBuzz;
			productReference = 2B6F7A0F205CA92F0091B669 /* FizzBuzz.app */;
			productType = "com.apple.product-type.application";
		};
		2B6F7A22205CA92F0091B669 /* FizzBuzzTests */ = {
			isa = PBXNativeTarget;
			buildConfigurationList = 2B6F7A3A205CA92F0091B669 /* Build configuration list for PBXNativeTarget "FizzBuzzTests" */;
			buildPhases = (
				2B6F7A1F205CA92F0091B669 /* Sources */,
				2B6F7A20205CA92F0091B669 /* Frameworks */,
				2B6F7A21205CA92F0091B669 /* Resources */,
			);
			buildRules = (
			);
			dependencies = (
				2B6F7A25205CA92F0091B669 /* PBXTargetDependency */,
			);
			name = FizzBuzzTests;
			productName = FizzBuzzTests;
			productReference = 2B6F7A23205CA92F0091B669 /* FizzBuzzTests.xctest */;
			productType = "com.apple.product-type.bundle.unit-test";
		};
		2B6F7A2D205CA92F0091B669 /* FizzBuzzUITests */ = {
			isa = PBXNativeTarget;
			buildConfigurationList = 2B6F7A3D205CA92F0091B669 /* Build configuration list for PBXNativeTarget "FizzBuzzUITests" */;
			buildPhases = (
				2B6F7A2A205CA92F0091B669 /* Sources */,
				2B6F7A2B205CA92F0091B669 /* Frameworks */,
				2B6F7A2C205CA92F0091B669 /* Resources */,
			);
			buildRules = (
			);
			dependencies = (
				2B6F7A30205CA92F0091B669 /* PBXTargetDependency */,
			);
			name = FizzBuzzUITests;
			productName = FizzBuzzUITests;
			productReference = 2B6F7A2E205CA92F0091B669 /* FizzBuzzUITests.xctest */;
			productType = "com.apple.product-type.bundle.ui-testing";
		};
/* End PBXNativeTarget section */

/* Begin PBXProject section */
		2B6F7A07205CA92F0091B669 /* Project object */ = {
			isa = PBXProject;
			attributes = {
				LastSwiftUpdateCheck = 0920;
				LastUpgradeCheck = 0920;
				ORGANIZATIONNAME = JakeMobileDev;
				TargetAttributes = {
					2B6F7A0E205CA92F0091B669 = {
						CreatedOnToolsVersion = 9.2;
						ProvisioningStyle = Automatic;
					};
					2B6F7A22205CA92F0091B669 = {
						CreatedOnToolsVersion = 9.2;
						ProvisioningStyle = Automatic;
						TestTargetID = 2B6F7A0E205CA92F0091B669;
					};
					2B6F7A2D205CA92F0091B669 = {
						CreatedOnToolsVersion = 9.2;
						ProvisioningStyle = Automatic;
						TestTargetID = 2B6F7A0E205CA92F0091B669;
					};
				};
			};
			buildConfigurationList = 2B6F7A0A205CA92F0091B669 /* Build configuration list for PBXProject "FizzBuzz" */;
			compatibilityVersion = "Xcode 8.0";
			developmentRegion = en;
			hasScannedForEncodings = 0;
			knownRegions = (
				en,
				Base,
			);
			mainGroup = 2B6F7A06205CA92F0091B669;
			productRefGroup = 2B6F7A10205CA92F0091B669 /* Products */;
			projectDirPath = "";
			projectRoot = "";
			targets = (
				2B6F7A0E205CA92F0091B669 /* FizzBuzz */,
				2B6F7A22205CA92F0091B669 /* FizzBuzzTests */,
				2B6F7A2D205CA92F0091B669 /* FizzBuzzUITests */,
			);
		};
/* End PBXProject section */

/* Begin PBXResourcesBuildPhase section */
		2B6F7A0D205CA92F0091B669 /* Resources */ = {
			isa = PBXResourcesBuildPhase;
			buildActionMask = 2147483647;
			files = (
				2B6F7A1D205CA92F0091B669 /* LaunchScreen.storyboard in Resources */,
				2B6F7A1A205CA92F0091B669 /* Assets.xcassets in Resources */,
				2B6F7A18205CA92F0091B669 /* Main.storyboard in Resources */,
			);
			runOnlyForDeploymentPostprocessing = 0;
		};
		2B6F7A21205CA92F0091B669 /* Resources */ = {
			isa = PBXResourcesBuildPhase;
			buildActionMask = 2147483647;
			files = (
			);
			runOnlyForDeploymentPostprocessing = 0;
		};
		2B6F7A2C205CA92F0091B669 /* Resources */ = {
			isa = PBXResourcesBuildPhase;
			buildActionMask = 2147483647;
			files = (
			);
			runOnlyForDeploymentPostprocessing = 0;
		};
/* End PBXResourcesBuildPhase section */

/* Begin PBXSourcesBuildPhase section */
		2B6F7A0B205CA92F0091B669 /* Sources */ = {
			isa = PBXSourcesBuildPhase;
			buildActionMask = 2147483647;
			files = (
				2B6F7A15205CA92F0091B669 /* ViewController.swift in Sources */,
				2B6F7A13205CA92F0091B669 /* AppDelegate.swift in Sources */,
			);
			runOnlyForDeploymentPostprocessing = 0;
		};
		2B6F7A1F205CA92F0091B669 /* Sources */ = {
			isa = PBXSourcesBuildPhase;
			buildActionMask = 2147483647;
			files = (
				2B6F7A28205CA92F0091B669 /* FizzBuzzTests.swift in Sources */,
			);
			runOnlyForDeploymentPostprocessing = 0;
		};
		2B6F7A2A205CA92F0091B669 /* Sources */ = {
			isa = PBXSourcesBuildPhase;
			buildActionMask = 2147483647;
			files = (
				2B6F7A33205CA92F0091B669 /* FizzBuzzUITests.swift in Sources */,
			);
			runOnlyForDeploymentPostprocessing = 0;
		};
/* End PBXSourcesBuildPhase section */

/* Begin PBXTargetDependency section */
		2B6F7A25205CA92F0091B669 /* PBXTargetDependency */ = {
			isa = PBXTargetDependency;
			target = 2B6F7A0E205CA92F0091B669 /* FizzBuzz */;
			targetProxy = 2B6F7A24205CA92F0091B669 /* PBXContainerItemProxy */;
		};
		2B6F7A30205CA92F0091B669 /* PBXTargetDependency */ = {
			isa = PBXTargetDependency;
			target = 2B6F7A0E205CA92F0091B669 /* FizzBuzz */;
			targetProxy = 2B6F7A2F205CA92F0091B669 /* PBXContainerItemProxy */;
		};
/* End PBXTargetDependency section */

/* Begin PBXVariantGroup section */
		2B6F7A16205CA92F0091B669 /* Main.storyboard */ = {
			isa = PBXVariantGroup;
			children = (
				2B6F7A17205CA92F0091B669 /* Base */,
			);
			name = Main.storyboard;
			sourceTree = "<group>";
		};
		2B6F7A1B205CA92F0091B669 /* LaunchScreen.storyboard */ = {
			isa = PBXVariantGroup;
			children = (
				2B6F7A1C205CA92F0091B669 /* Base */,
			);
			name = LaunchScreen.storyboard;
			sourceTree = "<group>";
		};
/* End PBXVariantGroup section */

/* Begin XCBuildConfiguration section */
		2B6F7A35205CA92F0091B669 /* Debug */ = {
			isa = XCBuildConfiguration;
			buildSettings = {
				ALWAYS_SEARCH_USER_PATHS = NO;
				CLANG_ANALYZER_NONNULL = YES;
				CLANG_ANALYZER_NUMBER_OBJECT_CONVERSION = YES_AGGRESSIVE;
				CLANG_CXX_LANGUAGE_STANDARD = "gnu++14";
				CLANG_CXX_LIBRARY = "libc++";
				CLANG_ENABLE_MODULES = YES;
				CLANG_ENABLE_OBJC_ARC = YES;
				CLANG_WARN_BLOCK_CAPTURE_AUTORELEASING = YES;
				CLANG_WARN_BOOL_CONVERSION = YES;
				CLANG_WARN_COMMA = YES;
				CLANG_WARN_CONSTANT_CONVERSION = YES;
				CLANG_WARN_DIRECT_OBJC_ISA_USAGE = YES_ERROR;
				CLANG_WARN_DOCUMENTATION_COMMENTS = YES;
				CLANG_WARN_EMPTY_BODY = YES;
				CLANG_WARN_ENUM_CONVERSION = YES;
				CLANG_WARN_INFINITE_RECURSION = YES;
				CLANG_WARN_INT_CONVERSION = YES;
				CLANG_WARN_NON_LITERAL_NULL_CONVERSION = YES;
				CLANG_WARN_OBJC_LITERAL_CONVERSION = YES;
				CLANG_WARN_OBJC_ROOT_CLASS = YES_ERROR;
				CLANG_WARN_RANGE_LOOP_ANALYSIS = YES;
				CLANG_WARN_STRICT_PROTOTYPES = YES;
				CLANG_WARN_SUSPICIOUS_MOVE = YES;
				CLANG_WARN_UNGUARDED_AVAILABILITY = YES_AGGRESSIVE;
				CLANG_WARN_UNREACHABLE_CODE = YES;
				CLANG_WARN__DUPLICATE_METHOD_MATCH = YES;
				CODE_SIGN_IDENTITY = "iPhone Developer";
				COPY_PHASE_STRIP = NO;
				DEBUG_INFORMATION_FORMAT = dwarf;
				ENABLE_STRICT_OBJC_MSGSEND = YES;
				ENABLE_TESTABILITY = YES;
				GCC_C_LANGUAGE_STANDARD = gnu11;
				GCC_DYNAMIC_NO_PIC = NO;
				GCC_NO_COMMON_BLOCKS = YES;
				GCC_OPTIMIZATION_LEVEL = 0;
				GCC_PREPROCESSOR_DEFINITIONS = (
					"DEBUG=1",
					"$(inherited)",
				);
				GCC_WARN_64_TO_32_BIT_CONVERSION = YES;
				GCC_WARN_ABOUT_RETURN_TYPE = YES_ERROR;
				GCC_WARN_UNDECLARED_SELECTOR = YES;
				GCC_WARN_UNINITIALIZED_AUTOS = YES_AGGRESSIVE;
				GCC_WARN_UNUSED_FUNCTION = YES;
				GCC_WARN_UNUSED_VARIABLE = YES;
				IPHONEOS_DEPLOYMENT_TARGET = 11.2;
				MTL_ENABLE_DEBUG_INFO = YES;
				ONLY_ACTIVE_ARCH = YES;
				SDKROOT = iphoneos;
				SWIFT_ACTIVE_COMPILATION_CONDITIONS = DEBUG;
				SWIFT_OPTIMIZATION_LEVEL = "-Onone";
			};
			name = Debug;
		};
		2B6F7A36205CA92F0091B669 /* Release */ = {
			isa = XCBuildConfiguration;
			buildSettings = {
				ALWAYS_SEARCH_USER_PATHS = NO;
				CLANG_ANALYZER_NONNULL = YES;
				CLANG_ANALYZER_NUMBER_OBJECT_CONVERSION = YES_AGGRESSIVE;
				CLANG_CXX_LANGUAGE_STANDARD = "gnu++14";
				CLANG_CXX_LIBRARY = "libc++";
				CLANG_ENABLE_MODULES = YES;
				CLANG_ENABLE_OBJC_ARC = YES;
				CLANG_WARN_BLOCK_CAPTURE_AUTORELEASING = YES;
				CLANG_WARN_BOOL_CONVERSION = YES;
				CLANG_WARN_COMMA = YES;
				CLANG_WARN_CONSTANT_CONVERSION = YES;
				CLANG_WARN_DIRECT_OBJC_ISA_USAGE = YES_ERROR;
				CLANG_WARN_DOCUMENTATION_COMMENTS = YES;
				CLANG_WARN_EMPTY_BODY = YES;
				CLANG_WARN_ENUM_CONVERSION = YES;
				CLANG_WARN_INFINITE_RECURSION = YES;
				CLANG_WARN_INT_CONVERSION = YES;
				CLANG_WARN_NON_LITERAL_NULL_CONVERSION = YES;
				CLANG_WARN_OBJC_LITERAL_CONVERSION = YES;
				CLANG_WARN_OBJC_ROOT_CLASS = YES_ERROR;
				CLANG_WARN_RANGE_LOOP_ANALYSIS = YES;
				CLANG_WARN_STRICT_PROTOTYPES = YES;
				CLANG_WARN_SUSPICIOUS_MOVE = YES;
				CLANG_WARN_UNGUARDED_AVAILABILITY = YES_AGGRESSIVE;
				CLANG_WARN_UNREACHABLE_CODE = YES;
				CLANG_WARN__DUPLICATE_METHOD_MATCH = YES;
				CODE_SIGN_IDENTITY = "iPhone Developer";
				COPY_PHASE_STRIP = NO;
				DEBUG_INFORMATION_FORMAT = "dwarf-with-dsym";
				ENABLE_NS_ASSERTIONS = NO;
				ENABLE_STRICT_OBJC_MSGSEND = YES;
				GCC_C_LANGUAGE_STANDARD = gnu11;
				GCC_NO_COMMON_BLOCKS = YES;
				GCC_WARN_64_TO_32_BIT_CONVERSION = YES;
				GCC_WARN_ABOUT_RETURN_TYPE = YES_ERROR;
				GCC_WARN_UNDECLARED_SELECTOR = YES;
				GCC_WARN_UNINITIALIZED_AUTOS = YES_AGGRESSIVE;
				GCC_WARN_UNUSED_FUNCTION = YES;
				GCC_WARN_UNUSED_VARIABLE = YES;
				IPHONEOS_DEPLOYMENT_TARGET = 11.2;
				MTL_ENABLE_DEBUG_INFO = NO;
				SDKROOT = iphoneos;
				SWIFT_OPTIMIZATION_LEVEL = "-Owholemodule";
				VALIDATE_PRODUCT = YES;
			};
			name = Release;
		};
		2B6F7A38205CA92F0091B669 /* Debug */ = {
			isa = XCBuildConfiguration;
			buildSettings = {
				ASSETCATALOG_COMPILER_APPICON_NAME = AppIcon;
				CODE_SIGN_STYLE = Automatic;
				DEVELOPMENT_TEAM = 4L75R28P26;
				INFOPLIST_FILE = FizzBuzz/Info.plist;
				IPHONEOS_DEPLOYMENT_TARGET = 11.2;
				LD_RUNPATH_SEARCH_PATHS = "$(inherited) @executable_path/Frameworks";
				PRODUCT_BUNDLE_IDENTIFIER = com.JakeMobileDev.FizzBuzz;
				PRODUCT_NAME = "$(TARGET_NAME)";
				SWIFT_VERSION = 4.0;
				TARGETED_DEVICE_FAMILY = "1,2";
			};
			name = Debug;
		};
		2B6F7A39205CA92F0091B669 /* Release */ = {
			isa = XCBuildConfiguration;
			buildSettings = {
				ASSETCATALOG_COMPILER_APPICON_NAME = AppIcon;
				CODE_SIGN_STYLE = Automatic;
				DEVELOPMENT_TEAM = 4L75R28P26;
				INFOPLIST_FILE = FizzBuzz/Info.plist;
				IPHONEOS_DEPLOYMENT_TARGET = 11.2;
				LD_RUNPATH_SEARCH_PATHS = "$(inherited) @executable_path/Frameworks";
				PRODUCT_BUNDLE_IDENTIFIER = com.JakeMobileDev.FizzBuzz;
				PRODUCT_NAME = "$(TARGET_NAME)";
				SWIFT_VERSION = 4.0;
				TARGETED_DEVICE_FAMILY = "1,2";
			};
			name = Release;
		};
		2B6F7A3B205CA92F0091B669 /* Debug */ = {
			isa = XCBuildConfiguration;
			buildSettings = {
				ALWAYS_EMBED_SWIFT_STANDARD_LIBRARIES = YES;
				BUNDLE_LOADER = "$(TEST_HOST)";
				CODE_SIGN_STYLE = Automatic;
				DEVELOPMENT_TEAM = 4L75R28P26;
				INFOPLIST_FILE = FizzBuzzTests/Info.plist;
				LD_RUNPATH_SEARCH_PATHS = "$(inherited) @executable_path/Frameworks @loader_path/Frameworks";
				PRODUCT_BUNDLE_IDENTIFIER = com.JakeMobileDev.FizzBuzzTests;
				PRODUCT_NAME = "$(TARGET_NAME)";
				SWIFT_VERSION = 4.0;
				TARGETED_DEVICE_FAMILY = "1,2";
				TEST_HOST = "$(BUILT_PRODUCTS_DIR)/FizzBuzz.app/FizzBuzz";
			};
			name = Debug;
		};
		2B6F7A3C205CA92F0091B669 /* Release */ = {
			isa = XCBuildConfiguration;
			buildSettings = {
				ALWAYS_EMBED_SWIFT_STANDARD_LIBRARIES = YES;
				BUNDLE_LOADER = "$(TEST_HOST)";
				CODE_SIGN_STYLE = Automatic;
				DEVELOPMENT_TEAM = 4L75R28P26;
				INFOPLIST_FILE = FizzBuzzTests/Info.plist;
				LD_RUNPATH_SEARCH_PATHS = "$(inherited) @executable_path/Frameworks @loader_path/Frameworks";
				PRODUCT_BUNDLE_IDENTIFIER = com.JakeMobileDev.FizzBuzzTests;
				PRODUCT_NAME = "$(TARGET_NAME)";
				SWIFT_VERSION = 4.0;
				TARGETED_DEVICE_FAMILY = "1,2";
				TEST_HOST = "$(BUILT_PRODUCTS_DIR)/FizzBuzz.app/FizzBuzz";
			};
			name = Release;
		};
		2B6F7A3E205CA92F0091B669 /* Debug */ = {
			isa = XCBuildConfiguration;
			buildSettings = {
				ALWAYS_EMBED_SWIFT_STANDARD_LIBRARIES = YES;
				CODE_SIGN_STYLE = Automatic;
				DEVELOPMENT_TEAM = 4L75R28P26;
				INFOPLIST_FILE = FizzBuzzUITests/Info.plist;
				LD_RUNPATH_SEARCH_PATHS = "$(inherited) @executable_path/Frameworks @loader_path/Frameworks";
				PRODUCT_BUNDLE_IDENTIFIER = com.JakeMobileDev.FizzBuzzUITests;
				PRODUCT_NAME = "$(TARGET_NAME)";
				SWIFT_VERSION = 4.0;
				TARGETED_DEVICE_FAMILY = "1,2";
				TEST_TARGET_NAME = FizzBuzz;
			};
			name = Debug;
		};
		2B6F7A3F205CA92F0091B669 /* Release */ = {
			isa = XCBuildConfiguration;
			buildSettings = {
				ALWAYS_EMBED_SWIFT_STANDARD_LIBRARIES = YES;
				CODE_SIGN_STYLE = Automatic;
				DEVELOPMENT_TEAM = 4L75R28P26;
				INFOPLIST_FILE = FizzBuzzUITests/Info.plist;
				LD_RUNPATH_SEARCH_PATHS = "$(inherited) @executable_path/Frameworks @loader_path/Frameworks";
				PRODUCT_BUNDLE_IDENTIFIER = com.JakeMobileDev.FizzBuzzUITests;
				PRODUCT_NAME = "$(TARGET_NAME)";
				SWIFT_VERSION = 4.0;
				TARGETED_DEVICE_FAMILY = "1,2";
				TEST_TARGET_NAME = FizzBuzz;
			};
			name = Release;
		};
/* End XCBuildConfiguration section */

/* Begin XCConfigurationList section */
		2B6F7A0A205CA92F0091B669 /* Build configuration list for PBXProject "FizzBuzz" */ = {
			isa = XCConfigurationList;
			buildConfigurations = (
				2B6F7A35205CA92F0091B669 /* Debug */,
				2B6F7A36205CA92F0091B669 /* Release */,
			);
			defaultConfigurationIsVisible = 0;
			defaultConfigurationName = Release;
		};
		2B6F7A37205CA92F0091B669 /* Build configuration list for PBXNativeTarget "FizzBuzz" */ = {
			isa = XCConfigurationList;
			buildConfigurations = (
				2B6F7A38205CA92F0091B669 /* Debug */,
				2B6F7A39205CA92F0091B669 /* Release */,
			);
			defaultConfigurationIsVisible = 0;
			defaultConfigurationName = Release;
		};
		2B6F7A3A205CA92F0091B669 /* Build configuration list for PBXNativeTarget "FizzBuzzTests" */ = {
			isa = XCConfigurationList;
			buildConfigurations = (
				2B6F7A3B205CA92F0091B669 /* Debug */,
				2B6F7A3C205CA92F0091B669 /* Release */,
			);
			defaultConfigurationIsVisible = 0;
			defaultConfigurationName = Release;
		};
		2B6F7A3D205CA92F0091B669 /* Build configuration list for PBXNativeTarget "FizzBuzzUITests" */ = {
			isa = XCConfigurationList;
			buildConfigurations = (
				2B6F7A3E205CA92F0091B669 /* Debug */,
				2B6F7A3F205CA92F0091B669 /* Release */,
			);
			defaultConfigurationIsVisible = 0;
			defaultConfigurationName = Release;
		};
/* End XCConfigurationList section */
	};
	rootObject = 2B6F7A07205CA92F0091B669 /* Project object */;
}
